
Microsoft Visual Studio Solution File, Format Version 12.00
# Visual Studio Version 17
VisualStudioVersion = 17.0.31903.59
MinimumVisualStudioVersion = 10.0.40219.1
Project("{FAE04EC0-301F-11D3-BF4B-00C04F79EFBC}") = "MemoryKeeper.Domain", "MemoryKeeper.Domain\MemoryKeeper.Domain.csproj", "{92B5FF8E-642B-4B1E-AA25-2E89BD443F29}"
EndProject
Project("{FAE04EC0-301F-11D3-BF4B-00C04F79EFBC}") = "MemoryKeeper.Application", "MemoryKeeper.Application\MemoryKeeper.Application.csproj", "{168F052B-5BDF-4751-9E4F-BDD53BA634E2}"
EndProject
Project("{FAE04EC0-301F-11D3-BF4B-00C04F79EFBC}") = "MemoryKeeper.Infrastructure", "MemoryKeeper.Infrastructure\MemoryKeeper.Infrastructure.csproj", "{CA807F9F-E8B2-4B0E-AC1C-66C21EDD1A88}"
EndProject
Project("{FAE04EC0-301F-11D3-BF4B-00C04F79EFBC}") = "MemoryKeeper.App", "MemoryKeeper.App\MemoryKeeper.App.csproj", "{D52C32A3-FB59-455F-94CE-B10C61F7BA71}"
EndProject
Project("{FAE04EC0-301F-11D3-BF4B-00C04F79EFBC}") = "MemoryKeeper.Tests", "MemoryKeeper.Tests\MemoryKeeper.Tests.csproj", "{41E68371-9EBF-422F-B6E2-A90097BE1867}"
EndProject
Global
	GlobalSection(SolutionConfigurationPlatforms) = preSolution
		Debug|Any CPU = Debug|Any CPU
		Debug|x64 = Debug|x64
		Release|Any CPU = Release|Any CPU
		Release|x64 = Release|x64
	EndGlobalSection
	GlobalSection(ProjectConfigurationPlatforms) = postSolution
		{92B5FF8E-642B-4B1E-AA25-2E89BD443F29}.Debug|Any CPU.ActiveCfg = Debug|Any CPU
		{92B5FF8E-642B-4B1E-AA25-2E89BD443F29}.Debug|Any CPU.Build.0 = Debug|Any CPU
		{92B5FF8E-642B-4B1E-AA25-2E89BD443F29}.Debug|x64.ActiveCfg = Debug|Any CPU
		{92B5FF8E-642B-4B1E-AA25-2E89BD443F29}.Debug|x64.Build.0 = Debug|Any CPU
		{92B5FF8E-642B-4B1E-AA25-2E89BD443F29}.Release|Any CPU.ActiveCfg = Release|Any CPU
		{92B5FF8E-642B-4B1E-AA25-2E89BD443F29}.Release|Any CPU.Build.0 = Release|Any CPU
		{92B5FF8E-642B-4B1E-AA25-2E89BD443F29}.Release|x64.ActiveCfg = Release|Any CPU
		{92B5FF8E-642B-4B1E-AA25-2E89BD443F29}.Release|x64.Build.0 = Release|Any CPU
		{168F052B-5BDF-4751-9E4F-BDD53BA634E2}.Debug|Any CPU.ActiveCfg = Debug|Any CPU
		{168F052B-5BDF-4751-9E4F-BDD53BA634E2}.Debug|Any CPU.Build.0 = Debug|Any CPU
		{168F052B-5BDF-4751-9E4F-BDD53BA634E2}.Debug|x64.ActiveCfg = Debug|Any CPU
		{168F052B-5BDF-4751-9E4F-BDD53BA634E2}.Debug|x64.Build.0 = Debug|Any CPU
		{168F052B-5BDF-4751-9E4F-BDD53BA634E2}.Release|Any CPU.ActiveCfg = Release|Any CPU
		{168F052B-5BDF-4751-9E4F-BDD53BA634E2}.Release|Any CPU.Build.0 = Release|Any CPU
		{168F052B-5BDF-4751-9E4F-BDD53BA634E2}.Release|x64.ActiveCfg = Release|Any CPU
		{168F052B-5BDF-4751-9E4F-BDD53BA634E2}.Release|x64.Build.0 = Release|Any CPU
		{CA807F9F-E8B2-4B0E-AC1C-66C21EDD1A88}.Debug|Any CPU.ActiveCfg = Debug|Any CPU
		{CA807F9F-E8B2-4B0E-AC1C-66C21EDD1A88}.Debug|Any CPU.Build.0 = Debug|Any CPU
		{CA807F9F-E8B2-4B0E-AC1C-66C21EDD1A88}.Debug|x64.ActiveCfg = Debug|Any CPU
		{CA807F9F-E8B2-4B0E-AC1C-66C21EDD1A88}.Debug|x64.Build.0 = Debug|Any CPU
		{CA807F9F-E8B2-4B0E-AC1C-66C21EDD1A88}.Release|Any CPU.ActiveCfg = Release|Any CPU
		{CA807F9F-E8B2-4B0E-AC1C-66C21EDD1A88}.Release|Any CPU.Build.0 = Release|Any CPU
		{CA807F9F-E8B2-4B0E-AC1C-66C21EDD1A88}.Release|x64.ActiveCfg = Release|Any CPU
		{CA807F9F-E8B2-4B0E-AC1C-66C21EDD1A88}.Release|x64.Build.0 = Release|Any CPU
		{D52C32A3-FB59-455F-94CE-B10C61F7BA71}.Debug|Any CPU.ActiveCfg = Debug|x64
		{D52C32A3-FB59-455F-94CE-B10C61F7BA71}.Debug|Any CPU.Build.0 = Debug|x64
		{D52C32A3-FB59-455F-94CE-B10C61F7BA71}.Debug|x64.ActiveCfg = Debug|x64
		{D52C32A3-FB59-455F-94CE-B10C61F7BA71}.Debug|x64.Build.0 = Debug|x64
		{D52C32A3-FB59-455F-94CE-B10C61F7BA71}.Release|Any CPU.ActiveCfg = Release|x64
		{D52C32A3-FB59-455F-94CE-B10C61F7BA71}.Release|Any CPU.Build.0 = Release|x64
		{D52C32A3-FB59-455F-94CE-B10C61F7BA71}.Release|x64.ActiveCfg = Release|x64
		{D52C32A3-FB59-455F-94CE-B10C61F7BA71}.Release|x64.Build.0 = Release|x64
		{41E68371-9EBF-422F-B6E2-A90097BE1867}.Debug|Any CPU.ActiveCfg = Debug|Any CPU
		{41E68371-9EBF-422F-B6E2-A90097BE1867}.Debug|Any CPU.Build.0 = Debug|Any CPU
		{41E68371-9EBF-422F-B6E2-A90097BE1867}.Debug|x64.ActiveCfg = Debug|Any CPU
		{41E68371-9EBF-422F-B6E2-A90097BE1867}.Debug|x64.Build.0 = Debug|Any CPU
		{41E68371-9EBF-422F-B6E2-A90097BE1867}.Release|Any CPU.ActiveCfg = Release|Any CPU
		{41E68371-9EBF-422F-B6E2-A90097BE1867}.Release|Any CPU.Build.0 = Release|Any CPU
		{41E68371-9EBF-422F-B6E2-A90097BE1867}.Release|x64.ActiveCfg = Release|Any CPU
		{41E68371-9EBF-422F-B6E2-A90097BE1867}.Release|x64.Build.0 = Release|Any CPU
	EndGlobalSection
	GlobalSection(SolutionProperties) = preSolution
		HideSolutionNode = FALSE
	EndGlobalSection
EndGlobal
